
Microsoft Visual Studio Solution File, Format Version 12.00
# Visual Studio Version 17
VisualStudioVersion = 17.3.32929.385
MinimumVisualStudioVersion = 10.0.40219.1
Project("{FAE04EC0-301F-11D3-BF4B-00C04F79EFBC}") = "TelegrammBot", "TelegrammBot.csproj", "{69A042BB-0730-4ACD-9EF3-6CAE2B5621BC}"
EndProject
Global
	GlobalSection(SolutionConfigurationPlatforms) = preSolution
		Debug|Any CPU = Debug|Any CPU
		Release|Any CPU = Release|Any CPU
	EndGlobalSection
	GlobalSection(ProjectConfigurationPlatforms) = postSolution
		{69A042BB-0730-4ACD-9EF3-6CAE2B5621BC}.Debug|Any CPU.ActiveCfg = Debug|Any CPU
		{69A042BB-0730-4ACD-9EF3-6CAE2B5621BC}.Debug|Any CPU.Build.0 = Debug|Any CPU
		{69A042BB-0730-4ACD-9EF3-6CAE2B5621BC}.Release|Any CPU.ActiveCfg = Release|Any CPU
		{69A042BB-0730-4ACD-9EF3-6CAE2B5621BC}.Release|Any CPU.Build.0 = Release|Any CPU
	EndGlobalSection
	GlobalSection(SolutionProperties) = preSolution
		HideSolutionNode = FALSE
	EndGlobalSection
	GlobalSection(ExtensibilityGlobals) = postSolution
		SolutionGuid = {ADA6A020-E8C9-490A-9671-20F143AFBE75}
	EndGlobalSection
EndGlobal
